// !$*UTF8*$!
{
	archiveVersion = 1;
	classes = {
	};
	objectVersion = 46;
	objects = {

/* Begin PBXBuildFile section */
		654CCE611C1C830D007926EF /* AppDelegate.swift in Sources */ = {isa = PBXBuildFile; fileRef = 654CCE601C1C830D007926EF /* AppDelegate.swift */; };
		654CCE631C1C830D007926EF /* ViewController.swift in Sources */ = {isa = PBXBuildFile; fileRef = 654CCE621C1C830D007926EF /* ViewController.swift */; };
		654CCE661C1C830D007926EF /* Main.storyboard in Resources */ = {isa = PBXBuildFile; fileRef = 654CCE641C1C830D007926EF /* Main.storyboard */; };
		654CCE691C1C830D007926EF /* sleden2.xcdatamodeld in Sources */ = {isa = PBXBuildFile; fileRef = 654CCE671C1C830D007926EF /* sleden2.xcdatamodeld */; };
		654CCE6B1C1C830D007926EF /* Assets.xcassets in Resources */ = {isa = PBXBuildFile; fileRef = 654CCE6A1C1C830D007926EF /* Assets.xcassets */; };
		654CCE6E1C1C830D007926EF /* LaunchScreen.storyboard in Resources */ = {isa = PBXBuildFile; fileRef = 654CCE6C1C1C830D007926EF /* LaunchScreen.storyboard */; };
		654CCE791C1C830D007926EF /* sleden2Tests.swift in Sources */ = {isa = PBXBuildFile; fileRef = 654CCE781C1C830D007926EF /* sleden2Tests.swift */; };
		654CCE841C1C830D007926EF /* sleden2UITests.swift in Sources */ = {isa = PBXBuildFile; fileRef = 654CCE831C1C830D007926EF /* sleden2UITests.swift */; };
		654CCE941C1C8324007926EF /* Bolts.framework in Frameworks */ = {isa = PBXBuildFile; fileRef = 654CCE911C1C8324007926EF /* Bolts.framework */; };
		654CCE951C1C8324007926EF /* Parse.framework in Frameworks */ = {isa = PBXBuildFile; fileRef = 654CCE921C1C8324007926EF /* Parse.framework */; };
		654CCE961C1C8324007926EF /* ParseUI.framework in Frameworks */ = {isa = PBXBuildFile; fileRef = 654CCE931C1C8324007926EF /* ParseUI.framework */; };
		654CCE981C1C832F007926EF /* Social.framework in Frameworks */ = {isa = PBXBuildFile; fileRef = 654CCE971C1C832F007926EF /* Social.framework */; };
		654CCE9A1C1C8337007926EF /* Accounts.framework in Frameworks */ = {isa = PBXBuildFile; fileRef = 654CCE991C1C8337007926EF /* Accounts.framework */; };
		654CCE9C1C1C8340007926EF /* CoreGraphics.framework in Frameworks */ = {isa = PBXBuildFile; fileRef = 654CCE9B1C1C8340007926EF /* CoreGraphics.framework */; };
		654CCE9E1C1C8347007926EF /* CoreLocation.framework in Frameworks */ = {isa = PBXBuildFile; fileRef = 654CCE9D1C1C8347007926EF /* CoreLocation.framework */; };
		654CCEA01C1C8353007926EF /* CFNetwork.framework in Frameworks */ = {isa = PBXBuildFile; fileRef = 654CCE9F1C1C8353007926EF /* CFNetwork.framework */; };
		654CCEA21C1C835E007926EF /* SystemConfiguration.framework in Frameworks */ = {isa = PBXBuildFile; fileRef = 654CCEA11C1C835E007926EF /* SystemConfiguration.framework */; };
		654CCEA41C1C8365007926EF /* libsqlite3.tbd in Frameworks */ = {isa = PBXBuildFile; fileRef = 654CCEA31C1C8365007926EF /* libsqlite3.tbd */; };
		654CCEA61C1C836B007926EF /* libz.tbd in Frameworks */ = {isa = PBXBuildFile; fileRef = 654CCEA51C1C836B007926EF /* libz.tbd */; };
		654CCEA81C1C8373007926EF /* MobileCoreServices.framework in Frameworks */ = {isa = PBXBuildFile; fileRef = 654CCEA71C1C8373007926EF /* MobileCoreServices.framework */; };
		654CCEAA1C1C837A007926EF /* QuartzCore.framework in Frameworks */ = {isa = PBXBuildFile; fileRef = 654CCEA91C1C837A007926EF /* QuartzCore.framework */; };
		654CCEAC1C1C8381007926EF /* Security.framework in Frameworks */ = {isa = PBXBuildFile; fileRef = 654CCEAB1C1C8381007926EF /* Security.framework */; };
		654CCEAE1C1C838A007926EF /* StoreKit.framework in Frameworks */ = {isa = PBXBuildFile; fileRef = 654CCEAD1C1C838A007926EF /* StoreKit.framework */; };
		654CCEB01C1C839D007926EF /* AudioToolbox.framework in Frameworks */ = {isa = PBXBuildFile; fileRef = 654CCEAF1C1C839D007926EF /* AudioToolbox.framework */; };
		654CCEB31C1C8819007926EF /* signInViewController.swift in Sources */ = {isa = PBXBuildFile; fileRef = 654CCEB21C1C8819007926EF /* signInViewController.swift */; };
		654CCEB51C1C9F7F007926EF /* myFrindsViewController.swift in Sources */ = {isa = PBXBuildFile; fileRef = 654CCEB41C1C9F7F007926EF /* myFrindsViewController.swift */; };
		654CCEB71C1C9F90007926EF /* findFriendsViewController.swift in Sources */ = {isa = PBXBuildFile; fileRef = 654CCEB61C1C9F90007926EF /* findFriendsViewController.swift */; };
		654CCEB91C1C9FEA007926EF /* sledenMenyViewController.swift in Sources */ = {isa = PBXBuildFile; fileRef = 654CCEB81C1C9FEA007926EF /* sledenMenyViewController.swift */; };
		654CCEBB1C1CB052007926EF /* tableViewCell.swift in Sources */ = {isa = PBXBuildFile; fileRef = 654CCEBA1C1CB052007926EF /* tableViewCell.swift */; };
		657C3C661C25E3B400D3559F /* GetFriends.swift in Sources */ = {isa = PBXBuildFile; fileRef = 657C3C651C25E3B400D3559F /* GetFriends.swift */; };
		657C3C681C25E4D300D3559F /* userRelationEnum.swift in Sources */ = {isa = PBXBuildFile; fileRef = 657C3C671C25E4D300D3559F /* userRelationEnum.swift */; };
		65C679C21C22CFE000619A4E /* sledenTypeEnum.swift in Sources */ = {isa = PBXBuildFile; fileRef = 65C679C11C22CFE000619A4E /* sledenTypeEnum.swift */; };
		65C679C41C22D09500619A4E /* SendSleden.swift in Sources */ = {isa = PBXBuildFile; fileRef = 65C679C31C22D09500619A4E /* SendSleden.swift */; };
		65EC9DD21C202C4600C41A48 /* sledenView.swift in Sources */ = {isa = PBXBuildFile; fileRef = 65EC9DD11C202C4600C41A48 /* sledenView.swift */; };
/* End PBXBuildFile section */

/* Begin PBXContainerItemProxy section */
		654CCE751C1C830D007926EF /* PBXContainerItemProxy */ = {
			isa = PBXContainerItemProxy;
			containerPortal = 654CCE551C1C830D007926EF /* Project object */;
			proxyType = 1;
			remoteGlobalIDString = 654CCE5C1C1C830D007926EF;
			remoteInfo = sleden2;
		};
		654CCE801C1C830D007926EF /* PBXContainerItemProxy */ = {
			isa = PBXContainerItemProxy;
			containerPortal = 654CCE551C1C830D007926EF /* Project object */;
			proxyType = 1;
			remoteGlobalIDString = 654CCE5C1C1C830D007926EF;
			remoteInfo = sleden2;
		};
/* End PBXContainerItemProxy section */

/* Begin PBXFileReference section */
		654CCE5D1C1C830D007926EF /* sleden2.app */ = {isa = PBXFileReference; explicitFileType = wrapper.application; includeInIndex = 0; path = sleden2.app; sourceTree = BUILT_PRODUCTS_DIR; };
		654CCE601C1C830D007926EF /* AppDelegate.swift */ = {isa = PBXFileReference; lastKnownFileType = sourcecode.swift; path = AppDelegate.swift; sourceTree = "<group>"; };
		654CCE621C1C830D007926EF /* ViewController.swift */ = {isa = PBXFileReference; lastKnownFileType = sourcecode.swift; path = ViewController.swift; sourceTree = "<group>"; };
		654CCE651C1C830D007926EF /* Base */ = {isa = PBXFileReference; lastKnownFileType = file.storyboard; name = Base; path = Base.lproj/Main.storyboard; sourceTree = "<group>"; };
		654CCE681C1C830D007926EF /* sleden2.xcdatamodel */ = {isa = PBXFileReference; lastKnownFileType = wrapper.xcdatamodel; path = sleden2.xcdatamodel; sourceTree = "<group>"; };
		654CCE6A1C1C830D007926EF /* Assets.xcassets */ = {isa = PBXFileReference; lastKnownFileType = folder.assetcatalog; path = Assets.xcassets; sourceTree = "<group>"; };
		654CCE6D1C1C830D007926EF /* Base */ = {isa = PBXFileReference; lastKnownFileType = file.storyboard; name = Base; path = Base.lproj/LaunchScreen.storyboard; sourceTree = "<group>"; };
		654CCE6F1C1C830D007926EF /* Info.plist */ = {isa = PBXFileReference; lastKnownFileType = text.plist.xml; path = Info.plist; sourceTree = "<group>"; };
		654CCE741C1C830D007926EF /* sleden2Tests.xctest */ = {isa = PBXFileReference; explicitFileType = wrapper.cfbundle; includeInIndex = 0; path = sleden2Tests.xctest; sourceTree = BUILT_PRODUCTS_DIR; };
		654CCE781C1C830D007926EF /* sleden2Tests.swift */ = {isa = PBXFileReference; lastKnownFileType = sourcecode.swift; path = sleden2Tests.swift; sourceTree = "<group>"; };
		654CCE7A1C1C830D007926EF /* Info.plist */ = {isa = PBXFileReference; lastKnownFileType = text.plist.xml; path = Info.plist; sourceTree = "<group>"; };
		654CCE7F1C1C830D007926EF /* sleden2UITests.xctest */ = {isa = PBXFileReference; explicitFileType = wrapper.cfbundle; includeInIndex = 0; path = sleden2UITests.xctest; sourceTree = BUILT_PRODUCTS_DIR; };
		654CCE831C1C830D007926EF /* sleden2UITests.swift */ = {isa = PBXFileReference; lastKnownFileType = sourcecode.swift; path = sleden2UITests.swift; sourceTree = "<group>"; };
		654CCE851C1C830D007926EF /* Info.plist */ = {isa = PBXFileReference; lastKnownFileType = text.plist.xml; path = Info.plist; sourceTree = "<group>"; };
		654CCE911C1C8324007926EF /* Bolts.framework */ = {isa = PBXFileReference; lastKnownFileType = wrapper.framework; path = Bolts.framework; sourceTree = "<group>"; };
		654CCE921C1C8324007926EF /* Parse.framework */ = {isa = PBXFileReference; lastKnownFileType = wrapper.framework; path = Parse.framework; sourceTree = "<group>"; };
		654CCE931C1C8324007926EF /* ParseUI.framework */ = {isa = PBXFileReference; lastKnownFileType = wrapper.framework; path = ParseUI.framework; sourceTree = "<group>"; };
		654CCE971C1C832F007926EF /* Social.framework */ = {isa = PBXFileReference; lastKnownFileType = wrapper.framework; name = Social.framework; path = System/Library/Frameworks/Social.framework; sourceTree = SDKROOT; };
		654CCE991C1C8337007926EF /* Accounts.framework */ = {isa = PBXFileReference; lastKnownFileType = wrapper.framework; name = Accounts.framework; path = System/Library/Frameworks/Accounts.framework; sourceTree = SDKROOT; };
		654CCE9B1C1C8340007926EF /* CoreGraphics.framework */ = {isa = PBXFileReference; lastKnownFileType = wrapper.framework; name = CoreGraphics.framework; path = System/Library/Frameworks/CoreGraphics.framework; sourceTree = SDKROOT; };
		654CCE9D1C1C8347007926EF /* CoreLocation.framework */ = {isa = PBXFileReference; lastKnownFileType = wrapper.framework; name = CoreLocation.framework; path = System/Library/Frameworks/CoreLocation.framework; sourceTree = SDKROOT; };
		654CCE9F1C1C8353007926EF /* CFNetwork.framework */ = {isa = PBXFileReference; lastKnownFileType = wrapper.framework; name = CFNetwork.framework; path = System/Library/Frameworks/CFNetwork.framework; sourceTree = SDKROOT; };
		654CCEA11C1C835E007926EF /* SystemConfiguration.framework */ = {isa = PBXFileReference; lastKnownFileType = wrapper.framework; name = SystemConfiguration.framework; path = System/Library/Frameworks/SystemConfiguration.framework; sourceTree = SDKROOT; };
		654CCEA31C1C8365007926EF /* libsqlite3.tbd */ = {isa = PBXFileReference; lastKnownFileType = "sourcecode.text-based-dylib-definition"; name = libsqlite3.tbd; path = usr/lib/libsqlite3.tbd; sourceTree = SDKROOT; };
		654CCEA51C1C836B007926EF /* libz.tbd */ = {isa = PBXFileReference; lastKnownFileType = "sourcecode.text-based-dylib-definition"; name = libz.tbd; path = usr/lib/libz.tbd; sourceTree = SDKROOT; };
		654CCEA71C1C8373007926EF /* MobileCoreServices.framework */ = {isa = PBXFileReference; lastKnownFileType = wrapper.framework; name = MobileCoreServices.framework; path = System/Library/Frameworks/MobileCoreServices.framework; sourceTree = SDKROOT; };
		654CCEA91C1C837A007926EF /* QuartzCore.framework */ = {isa = PBXFileReference; lastKnownFileType = wrapper.framework; name = QuartzCore.framework; path = System/Library/Frameworks/QuartzCore.framework; sourceTree = SDKROOT; };
		654CCEAB1C1C8381007926EF /* Security.framework */ = {isa = PBXFileReference; lastKnownFileType = wrapper.framework; name = Security.framework; path = System/Library/Frameworks/Security.framework; sourceTree = SDKROOT; };
		654CCEAD1C1C838A007926EF /* StoreKit.framework */ = {isa = PBXFileReference; lastKnownFileType = wrapper.framework; name = StoreKit.framework; path = System/Library/Frameworks/StoreKit.framework; sourceTree = SDKROOT; };
		654CCEAF1C1C839D007926EF /* AudioToolbox.framework */ = {isa = PBXFileReference; lastKnownFileType = wrapper.framework; name = AudioToolbox.framework; path = System/Library/Frameworks/AudioToolbox.framework; sourceTree = SDKROOT; };
		654CCEB21C1C8819007926EF /* signInViewController.swift */ = {isa = PBXFileReference; fileEncoding = 4; lastKnownFileType = sourcecode.swift; path = signInViewController.swift; sourceTree = "<group>"; };
		654CCEB41C1C9F7F007926EF /* myFrindsViewController.swift */ = {isa = PBXFileReference; fileEncoding = 4; lastKnownFileType = sourcecode.swift; path = myFrindsViewController.swift; sourceTree = "<group>"; };
		654CCEB61C1C9F90007926EF /* findFriendsViewController.swift */ = {isa = PBXFileReference; fileEncoding = 4; lastKnownFileType = sourcecode.swift; path = findFriendsViewController.swift; sourceTree = "<group>"; };
		654CCEB81C1C9FEA007926EF /* sledenMenyViewController.swift */ = {isa = PBXFileReference; fileEncoding = 4; lastKnownFileType = sourcecode.swift; path = sledenMenyViewController.swift; sourceTree = "<group>"; };
		654CCEBA1C1CB052007926EF /* tableViewCell.swift */ = {isa = PBXFileReference; fileEncoding = 4; lastKnownFileType = sourcecode.swift; name = tableViewCell.swift; path = ../tableViewCell.swift; sourceTree = "<group>"; };
		657C3C651C25E3B400D3559F /* GetFriends.swift */ = {isa = PBXFileReference; fileEncoding = 4; lastKnownFileType = sourcecode.swift; path = GetFriends.swift; sourceTree = "<group>"; };
		657C3C671C25E4D300D3559F /* userRelationEnum.swift */ = {isa = PBXFileReference; fileEncoding = 4; lastKnownFileType = sourcecode.swift; path = userRelationEnum.swift; sourceTree = "<group>"; };
		65C679C11C22CFE000619A4E /* sledenTypeEnum.swift */ = {isa = PBXFileReference; fileEncoding = 4; lastKnownFileType = sourcecode.swift; path = sledenTypeEnum.swift; sourceTree = "<group>"; };
		65C679C31C22D09500619A4E /* SendSleden.swift */ = {isa = PBXFileReference; fileEncoding = 4; lastKnownFileType = sourcecode.swift; path = SendSleden.swift; sourceTree = "<group>"; };
		65EC9DD11C202C4600C41A48 /* sledenView.swift */ = {isa = PBXFileReference; fileEncoding = 4; lastKnownFileType = sourcecode.swift; path = sledenView.swift; sourceTree = "<group>"; };
/* End PBXFileReference section */

/* Begin PBXFrameworksBuildPhase section */
		654CCE5A1C1C830D007926EF /* Frameworks */ = {
			isa = PBXFrameworksBuildPhase;
			buildActionMask = 2147483647;
			files = (
				654CCEB01C1C839D007926EF /* AudioToolbox.framework in Frameworks */,
				654CCEAE1C1C838A007926EF /* StoreKit.framework in Frameworks */,
				654CCEAC1C1C8381007926EF /* Security.framework in Frameworks */,
				654CCEAA1C1C837A007926EF /* QuartzCore.framework in Frameworks */,
				654CCEA81C1C8373007926EF /* MobileCoreServices.framework in Frameworks */,
				654CCEA61C1C836B007926EF /* libz.tbd in Frameworks */,
				654CCEA41C1C8365007926EF /* libsqlite3.tbd in Frameworks */,
				654CCEA21C1C835E007926EF /* SystemConfiguration.framework in Frameworks */,
				654CCEA01C1C8353007926EF /* CFNetwork.framework in Frameworks */,
				654CCE9E1C1C8347007926EF /* CoreLocation.framework in Frameworks */,
				654CCE9C1C1C8340007926EF /* CoreGraphics.framework in Frameworks */,
				654CCE9A1C1C8337007926EF /* Accounts.framework in Frameworks */,
				654CCE981C1C832F007926EF /* Social.framework in Frameworks */,
				654CCE961C1C8324007926EF /* ParseUI.framework in Frameworks */,
				654CCE951C1C8324007926EF /* Parse.framework in Frameworks */,
				654CCE941C1C8324007926EF /* Bolts.framework in Frameworks */,
			);
			runOnlyForDeploymentPostprocessing = 0;
		};
		654CCE711C1C830D007926EF /* Frameworks */ = {
			isa = PBXFrameworksBuildPhase;
			buildActionMask = 2147483647;
			files = (
			);
			runOnlyForDeploymentPostprocessing = 0;
		};
		654CCE7C1C1C830D007926EF /* Frameworks */ = {
			isa = PBXFrameworksBuildPhase;
			buildActionMask = 2147483647;
			files = (
			);
			runOnlyForDeploymentPostprocessing = 0;
		};
/* End PBXFrameworksBuildPhase section */

/* Begin PBXGroup section */
		654CCE541C1C830D007926EF = {
			isa = PBXGroup;
			children = (
				654CCEB11C1C83AE007926EF /* Frameworks */,
				654CCE5F1C1C830D007926EF /* sleden2 */,
				654CCE771C1C830D007926EF /* sleden2Tests */,
				654CCE821C1C830D007926EF /* sleden2UITests */,
				654CCE5E1C1C830D007926EF /* Products */,
			);
			sourceTree = "<group>";
		};
		654CCE5E1C1C830D007926EF /* Products */ = {
			isa = PBXGroup;
			children = (
				654CCE5D1C1C830D007926EF /* sleden2.app */,
				654CCE741C1C830D007926EF /* sleden2Tests.xctest */,
				654CCE7F1C1C830D007926EF /* sleden2UITests.xctest */,
			);
			name = Products;
			sourceTree = "<group>";
		};
		654CCE5F1C1C830D007926EF /* sleden2 */ = {
			isa = PBXGroup;
			children = (
				654CCE601C1C830D007926EF /* AppDelegate.swift */,
				65C679BE1C22C17F00619A4E /* LogIn */,
				65C679BD1C22C16400619A4E /* ViewControllers */,
				65C679C01C22C1C800619A4E /* Modules */,
				654CCE641C1C830D007926EF /* Main.storyboard */,
				654CCE6A1C1C830D007926EF /* Assets.xcassets */,
				654CCE6C1C1C830D007926EF /* LaunchScreen.storyboard */,
				654CCE6F1C1C830D007926EF /* Info.plist */,
				654CCE671C1C830D007926EF /* sleden2.xcdatamodeld */,
			);
			path = sleden2;
			sourceTree = "<group>";
		};
		654CCE771C1C830D007926EF /* sleden2Tests */ = {
			isa = PBXGroup;
			children = (
				654CCE781C1C830D007926EF /* sleden2Tests.swift */,
				654CCE7A1C1C830D007926EF /* Info.plist */,
			);
			path = sleden2Tests;
			sourceTree = "<group>";
		};
		654CCE821C1C830D007926EF /* sleden2UITests */ = {
			isa = PBXGroup;
			children = (
				654CCE831C1C830D007926EF /* sleden2UITests.swift */,
				654CCE851C1C830D007926EF /* Info.plist */,
			);
			path = sleden2UITests;
			sourceTree = "<group>";
		};
		654CCEB11C1C83AE007926EF /* Frameworks */ = {
			isa = PBXGroup;
			children = (
				654CCEAF1C1C839D007926EF /* AudioToolbox.framework */,
				654CCEAD1C1C838A007926EF /* StoreKit.framework */,
				654CCEAB1C1C8381007926EF /* Security.framework */,
				654CCEA91C1C837A007926EF /* QuartzCore.framework */,
				654CCEA71C1C8373007926EF /* MobileCoreServices.framework */,
				654CCEA51C1C836B007926EF /* libz.tbd */,
				654CCEA31C1C8365007926EF /* libsqlite3.tbd */,
				654CCEA11C1C835E007926EF /* SystemConfiguration.framework */,
				654CCE9F1C1C8353007926EF /* CFNetwork.framework */,
				654CCE9D1C1C8347007926EF /* CoreLocation.framework */,
				654CCE9B1C1C8340007926EF /* CoreGraphics.framework */,
				654CCE991C1C8337007926EF /* Accounts.framework */,
				654CCE971C1C832F007926EF /* Social.framework */,
				654CCE911C1C8324007926EF /* Bolts.framework */,
				654CCE921C1C8324007926EF /* Parse.framework */,
				654CCE931C1C8324007926EF /* ParseUI.framework */,
			);
			name = Frameworks;
			sourceTree = "<group>";
		};
		65C679BD1C22C16400619A4E /* ViewControllers */ = {
			isa = PBXGroup;
			children = (
				654CCEB81C1C9FEA007926EF /* sledenMenyViewController.swift */,
				65EC9DD11C202C4600C41A48 /* sledenView.swift */,
				654CCEBA1C1CB052007926EF /* tableViewCell.swift */,
				65C679BF1C22C19500619A4E /* FriendsViewControllers */,
			);
			name = ViewControllers;
			sourceTree = "<group>";
		};
		65C679BE1C22C17F00619A4E /* LogIn */ = {
			isa = PBXGroup;
			children = (
				654CCE621C1C830D007926EF /* ViewController.swift */,
				654CCEB21C1C8819007926EF /* signInViewController.swift */,
			);
			name = LogIn;
			sourceTree = "<group>";
		};
		65C679BF1C22C19500619A4E /* FriendsViewControllers */ = {
			isa = PBXGroup;
			children = (
				654CCEB41C1C9F7F007926EF /* myFrindsViewController.swift */,
				654CCEB61C1C9F90007926EF /* findFriendsViewController.swift */,
			);
			name = FriendsViewControllers;
			sourceTree = "<group>";
		};
		65C679C01C22C1C800619A4E /* Modules */ = {
			isa = PBXGroup;
			children = (
				65C679C51C22D0BF00619A4E /* Enums */,
				65C679C31C22D09500619A4E /* SendSleden.swift */,
				657C3C651C25E3B400D3559F /* GetFriends.swift */,
			);
			name = Modules;
			sourceTree = "<group>";
		};
		65C679C51C22D0BF00619A4E /* Enums */ = {
			isa = PBXGroup;
			children = (
				65C679C11C22CFE000619A4E /* sledenTypeEnum.swift */,
				657C3C671C25E4D300D3559F /* userRelationEnum.swift */,
			);
			name = Enums;
			sourceTree = "<group>";
		};
/* End PBXGroup section */

/* Begin PBXNativeTarget section */
		654CCE5C1C1C830D007926EF /* sleden2 */ = {
			isa = PBXNativeTarget;
			buildConfigurationList = 654CCE881C1C830D007926EF /* Build configuration list for PBXNativeTarget "sleden2" */;
			buildPhases = (
				654CCE591C1C830D007926EF /* Sources */,
				654CCE5A1C1C830D007926EF /* Frameworks */,
				654CCE5B1C1C830D007926EF /* Resources */,
			);
			buildRules = (
			);
			dependencies = (
			);
			name = sleden2;
			productName = sleden2;
			productReference = 654CCE5D1C1C830D007926EF /* sleden2.app */;
			productType = "com.apple.product-type.application";
		};
		654CCE731C1C830D007926EF /* sleden2Tests */ = {
			isa = PBXNativeTarget;
			buildConfigurationList = 654CCE8B1C1C830D007926EF /* Build configuration list for PBXNativeTarget "sleden2Tests" */;
			buildPhases = (
				654CCE701C1C830D007926EF /* Sources */,
				654CCE711C1C830D007926EF /* Frameworks */,
				654CCE721C1C830D007926EF /* Resources */,
			);
			buildRules = (
			);
			dependencies = (
				654CCE761C1C830D007926EF /* PBXTargetDependency */,
			);
			name = sleden2Tests;
			productName = sleden2Tests;
			productReference = 654CCE741C1C830D007926EF /* sleden2Tests.xctest */;
			productType = "com.apple.product-type.bundle.unit-test";
		};
		654CCE7E1C1C830D007926EF /* sleden2UITests */ = {
			isa = PBXNativeTarget;
			buildConfigurationList = 654CCE8E1C1C830D007926EF /* Build configuration list for PBXNativeTarget "sleden2UITests" */;
			buildPhases = (
				654CCE7B1C1C830D007926EF /* Sources */,
				654CCE7C1C1C830D007926EF /* Frameworks */,
				654CCE7D1C1C830D007926EF /* Resources */,
			);
			buildRules = (
			);
			dependencies = (
				654CCE811C1C830D007926EF /* PBXTargetDependency */,
			);
			name = sleden2UITests;
			productName = sleden2UITests;
			productReference = 654CCE7F1C1C830D007926EF /* sleden2UITests.xctest */;
			productType = "com.apple.product-type.bundle.ui-testing";
		};
/* End PBXNativeTarget section */

/* Begin PBXProject section */
		654CCE551C1C830D007926EF /* Project object */ = {
			isa = PBXProject;
			attributes = {
				LastSwiftUpdateCheck = 0720;
				LastUpgradeCheck = 0720;
				ORGANIZATIONNAME = "Daniel Alvestad";
				TargetAttributes = {
					654CCE5C1C1C830D007926EF = {
						CreatedOnToolsVersion = 7.2;
						DevelopmentTeam = B75HXEY846;
					};
					654CCE731C1C830D007926EF = {
						CreatedOnToolsVersion = 7.2;
						DevelopmentTeam = B75HXEY846;
						TestTargetID = 654CCE5C1C1C830D007926EF;
					};
					654CCE7E1C1C830D007926EF = {
						CreatedOnToolsVersion = 7.2;
						DevelopmentTeam = B75HXEY846;
						TestTargetID = 654CCE5C1C1C830D007926EF;
					};
				};
			};
			buildConfigurationList = 654CCE581C1C830D007926EF /* Build configuration list for PBXProject "sleden2" */;
			compatibilityVersion = "Xcode 3.2";
			developmentRegion = English;
			hasScannedForEncodings = 0;
			knownRegions = (
				en,
				Base,
			);
			mainGroup = 654CCE541C1C830D007926EF;
			productRefGroup = 654CCE5E1C1C830D007926EF /* Products */;
			projectDirPath = "";
			projectRoot = "";
			targets = (
				654CCE5C1C1C830D007926EF /* sleden2 */,
				654CCE731C1C830D007926EF /* sleden2Tests */,
				654CCE7E1C1C830D007926EF /* sleden2UITests */,
			);
		};
/* End PBXProject section */

/* Begin PBXResourcesBuildPhase section */
		654CCE5B1C1C830D007926EF /* Resources */ = {
			isa = PBXResourcesBuildPhase;
			buildActionMask = 2147483647;
			files = (
				654CCE6E1C1C830D007926EF /* LaunchScreen.storyboard in Resources */,
				654CCE6B1C1C830D007926EF /* Assets.xcassets in Resources */,
				654CCE661C1C830D007926EF /* Main.storyboard in Resources */,
			);
			runOnlyForDeploymentPostprocessing = 0;
		};
		654CCE721C1C830D007926EF /* Resources */ = {
			isa = PBXResourcesBuildPhase;
			buildActionMask = 2147483647;
			files = (
			);
			runOnlyForDeploymentPostprocessing = 0;
		};
		654CCE7D1C1C830D007926EF /* Resources */ = {
			isa = PBXResourcesBuildPhase;
			buildActionMask = 2147483647;
			files = (
			);
			runOnlyForDeploymentPostprocessing = 0;
		};
/* End PBXResourcesBuildPhase section */

/* Begin PBXSourcesBuildPhase section */
		654CCE591C1C830D007926EF /* Sources */ = {
			isa = PBXSourcesBuildPhase;
			buildActionMask = 2147483647;
			files = (
				65C679C41C22D09500619A4E /* SendSleden.swift in Sources */,
				654CCEB51C1C9F7F007926EF /* myFrindsViewController.swift in Sources */,
				654CCEBB1C1CB052007926EF /* tableViewCell.swift in Sources */,
				654CCEB31C1C8819007926EF /* signInViewController.swift in Sources */,
				654CCE631C1C830D007926EF /* ViewController.swift in Sources */,
				654CCEB91C1C9FEA007926EF /* sledenMenyViewController.swift in Sources */,
				657C3C681C25E4D300D3559F /* userRelationEnum.swift in Sources */,
				654CCE691C1C830D007926EF /* sleden2.xcdatamodeld in Sources */,
				65EC9DD21C202C4600C41A48 /* sledenView.swift in Sources */,
				65C679C21C22CFE000619A4E /* sledenTypeEnum.swift in Sources */,
				654CCE611C1C830D007926EF /* AppDelegate.swift in Sources */,
				657C3C661C25E3B400D3559F /* GetFriends.swift in Sources */,
				654CCEB71C1C9F90007926EF /* findFriendsViewController.swift in Sources */,
			);
			runOnlyForDeploymentPostprocessing = 0;
		};
		654CCE701C1C830D007926EF /* Sources */ = {
			isa = PBXSourcesBuildPhase;
			buildActionMask = 2147483647;
			files = (
				654CCE791C1C830D007926EF /* sleden2Tests.swift in Sources */,
			);
			runOnlyForDeploymentPostprocessing = 0;
		};
		654CCE7B1C1C830D007926EF /* Sources */ = {
			isa = PBXSourcesBuildPhase;
			buildActionMask = 2147483647;
			files = (
				654CCE841C1C830D007926EF /* sleden2UITests.swift in Sources */,
			);
			runOnlyForDeploymentPostprocessing = 0;
		};
/* End PBXSourcesBuildPhase section */

/* Begin PBXTargetDependency section */
		654CCE761C1C830D007926EF /* PBXTargetDependency */ = {
			isa = PBXTargetDependency;
			target = 654CCE5C1C1C830D007926EF /* sleden2 */;
			targetProxy = 654CCE751C1C830D007926EF /* PBXContainerItemProxy */;
		};
		654CCE811C1C830D007926EF /* PBXTargetDependency */ = {
			isa = PBXTargetDependency;
			target = 654CCE5C1C1C830D007926EF /* sleden2 */;
			targetProxy = 654CCE801C1C830D007926EF /* PBXContainerItemProxy */;
		};
/* End PBXTargetDependency section */

/* Begin PBXVariantGroup section */
		654CCE641C1C830D007926EF /* Main.storyboard */ = {
			isa = PBXVariantGroup;
			children = (
				654CCE651C1C830D007926EF /* Base */,
			);
			name = Main.storyboard;
			sourceTree = "<group>";
		};
		654CCE6C1C1C830D007926EF /* LaunchScreen.storyboard */ = {
			isa = PBXVariantGroup;
			children = (
				654CCE6D1C1C830D007926EF /* Base */,
			);
			name = LaunchScreen.storyboard;
			sourceTree = "<group>";
		};
/* End PBXVariantGroup section */

/* Begin XCBuildConfiguration section */
		654CCE861C1C830D007926EF /* Debug */ = {
			isa = XCBuildConfiguration;
			buildSettings = {
				ALWAYS_SEARCH_USER_PATHS = NO;
				CLANG_CXX_LANGUAGE_STANDARD = "gnu++0x";
				CLANG_CXX_LIBRARY = "libc++";
				CLANG_ENABLE_MODULES = YES;
				CLANG_ENABLE_OBJC_ARC = YES;
				CLANG_WARN_BOOL_CONVERSION = YES;
				CLANG_WARN_CONSTANT_CONVERSION = YES;
				CLANG_WARN_DIRECT_OBJC_ISA_USAGE = YES_ERROR;
				CLANG_WARN_EMPTY_BODY = YES;
				CLANG_WARN_ENUM_CONVERSION = YES;
				CLANG_WARN_INT_CONVERSION = YES;
				CLANG_WARN_OBJC_ROOT_CLASS = YES_ERROR;
				CLANG_WARN_UNREACHABLE_CODE = YES;
				CLANG_WARN__DUPLICATE_METHOD_MATCH = YES;
				"CODE_SIGN_IDENTITY[sdk=iphoneos*]" = "iPhone Developer";
				COPY_PHASE_STRIP = NO;
				DEBUG_INFORMATION_FORMAT = dwarf;
				ENABLE_STRICT_OBJC_MSGSEND = YES;
				ENABLE_TESTABILITY = YES;
				GCC_C_LANGUAGE_STANDARD = gnu99;
				GCC_DYNAMIC_NO_PIC = NO;
				GCC_NO_COMMON_BLOCKS = YES;
				GCC_OPTIMIZATION_LEVEL = 0;
				GCC_PREPROCESSOR_DEFINITIONS = (
					"DEBUG=1",
					"$(inherited)",
				);
				GCC_WARN_64_TO_32_BIT_CONVERSION = YES;
				GCC_WARN_ABOUT_RETURN_TYPE = YES_ERROR;
				GCC_WARN_UNDECLARED_SELECTOR = YES;
				GCC_WARN_UNINITIALIZED_AUTOS = YES_AGGRESSIVE;
				GCC_WARN_UNUSED_FUNCTION = YES;
				GCC_WARN_UNUSED_VARIABLE = YES;
				IPHONEOS_DEPLOYMENT_TARGET = 9.2;
				MTL_ENABLE_DEBUG_INFO = YES;
				ONLY_ACTIVE_ARCH = YES;
				SDKROOT = iphoneos;
				SWIFT_OPTIMIZATION_LEVEL = "-Onone";
				TARGETED_DEVICE_FAMILY = "1,2";
			};
			name = Debug;
		};
		654CCE871C1C830D007926EF /* Release */ = {
			isa = XCBuildConfiguration;
			buildSettings = {
				ALWAYS_SEARCH_USER_PATHS = NO;
				CLANG_CXX_LANGUAGE_STANDARD = "gnu++0x";
				CLANG_CXX_LIBRARY = "libc++";
				CLANG_ENABLE_MODULES = YES;
				CLANG_ENABLE_OBJC_ARC = YES;
				CLANG_WARN_BOOL_CONVERSION = YES;
				CLANG_WARN_CONSTANT_CONVERSION = YES;
				CLANG_WARN_DIRECT_OBJC_ISA_USAGE = YES_ERROR;
				CLANG_WARN_EMPTY_BODY = YES;
				CLANG_WARN_ENUM_CONVERSION = YES;
				CLANG_WARN_INT_CONVERSION = YES;
				CLANG_WARN_OBJC_ROOT_CLASS = YES_ERROR;
				CLANG_WARN_UNREACHABLE_CODE = YES;
				CLANG_WARN__DUPLICATE_METHOD_MATCH = YES;
				"CODE_SIGN_IDENTITY[sdk=iphoneos*]" = "iPhone Developer";
				COPY_PHASE_STRIP = NO;
				DEBUG_INFORMATION_FORMAT = "dwarf-with-dsym";
				ENABLE_NS_ASSERTIONS = NO;
				ENABLE_STRICT_OBJC_MSGSEND = YES;
				GCC_C_LANGUAGE_STANDARD = gnu99;
				GCC_NO_COMMON_BLOCKS = YES;
				GCC_WARN_64_TO_32_BIT_CONVERSION = YES;
				GCC_WARN_ABOUT_RETURN_TYPE = YES_ERROR;
				GCC_WARN_UNDECLARED_SELECTOR = YES;
				GCC_WARN_UNINITIALIZED_AUTOS = YES_AGGRESSIVE;
				GCC_WARN_UNUSED_FUNCTION = YES;
				GCC_WARN_UNUSED_VARIABLE = YES;
				IPHONEOS_DEPLOYMENT_TARGET = 9.2;
				MTL_ENABLE_DEBUG_INFO = NO;
				SDKROOT = iphoneos;
				TARGETED_DEVICE_FAMILY = "1,2";
				VALIDATE_PRODUCT = YES;
			};
			name = Release;
		};
		654CCE891C1C830D007926EF /* Debug */ = {
			isa = XCBuildConfiguration;
			buildSettings = {
				ASSETCATALOG_COMPILER_APPICON_NAME = AppIcon;
				FRAMEWORK_SEARCH_PATHS = (
					"$(inherited)",
					"$(PROJECT_DIR)",
				);
				INFOPLIST_FILE = sleden2/Info.plist;
				LD_RUNPATH_SEARCH_PATHS = "$(inherited) @executable_path/Frameworks";
				PRODUCT_BUNDLE_IDENTIFIER = uib.student.dal001.sleden2;
				PRODUCT_NAME = "$(TARGET_NAME)";
			};
			name = Debug;
		};
		654CCE8A1C1C830D007926EF /* Release */ = {
			isa = XCBuildConfiguration;
			buildSettings = {
				ASSETCATALOG_COMPILER_APPICON_NAME = AppIcon;
				FRAMEWORK_SEARCH_PATHS = (
					"$(inherited)",
					"$(PROJECT_DIR)",
				);
				INFOPLIST_FILE = sleden2/Info.plist;
				LD_RUNPATH_SEARCH_PATHS = "$(inherited) @executable_path/Frameworks";
				PRODUCT_BUNDLE_IDENTIFIER = uib.student.dal001.sleden2;
				PRODUCT_NAME = "$(TARGET_NAME)";
			};
			name = Release;
		};
		654CCE8C1C1C830D007926EF /* Debug */ = {
			isa = XCBuildConfiguration;
			buildSettings = {
				BUNDLE_LOADER = "$(TEST_HOST)";
				INFOPLIST_FILE = sleden2Tests/Info.plist;
				LD_RUNPATH_SEARCH_PATHS = "$(inherited) @executable_path/Frameworks @loader_path/Frameworks";
				PRODUCT_BUNDLE_IDENTIFIER = uib.student.dal001.sleden2Tests;
				PRODUCT_NAME = "$(TARGET_NAME)";
				TEST_HOST = "$(BUILT_PRODUCTS_DIR)/sleden2.app/sleden2";
			};
			name = Debug;
		};
		654CCE8D1C1C830D007926EF /* Release */ = {
			isa = XCBuildConfiguration;
			buildSettings = {
				BUNDLE_LOADER = "$(TEST_HOST)";
				INFOPLIST_FILE = sleden2Tests/Info.plist;
				LD_RUNPATH_SEARCH_PATHS = "$(inherited) @executable_path/Frameworks @loader_path/Frameworks";
				PRODUCT_BUNDLE_IDENTIFIER = uib.student.dal001.sleden2Tests;
				PRODUCT_NAME = "$(TARGET_NAME)";
				TEST_HOST = "$(BUILT_PRODUCTS_DIR)/sleden2.app/sleden2";
			};
			name = Release;
		};
		654CCE8F1C1C830D007926EF /* Debug */ = {
			isa = XCBuildConfiguration;
			buildSettings = {
				INFOPLIST_FILE = sleden2UITests/Info.plist;
				LD_RUNPATH_SEARCH_PATHS = "$(inherited) @executable_path/Frameworks @loader_path/Frameworks";
				PRODUCT_BUNDLE_IDENTIFIER = uib.student.dal001.sleden2UITests;
				PRODUCT_NAME = "$(TARGET_NAME)";
				TEST_TARGET_NAME = sleden2;
				USES_XCTRUNNER = YES;
			};
			name = Debug;
		};
		654CCE901C1C830D007926EF /* Release */ = {
			isa = XCBuildConfiguration;
			buildSettings = {
				INFOPLIST_FILE = sleden2UITests/Info.plist;
				LD_RUNPATH_SEARCH_PATHS = "$(inherited) @executable_path/Frameworks @loader_path/Frameworks";
				PRODUCT_BUNDLE_IDENTIFIER = uib.student.dal001.sleden2UITests;
				PRODUCT_NAME = "$(TARGET_NAME)";
				TEST_TARGET_NAME = sleden2;
				USES_XCTRUNNER = YES;
			};
			name = Release;
		};
/* End XCBuildConfiguration section */

/* Begin XCConfigurationList section */
		654CCE581C1C830D007926EF /* Build configuration list for PBXProject "sleden2" */ = {
			isa = XCConfigurationList;
			buildConfigurations = (
				654CCE861C1C830D007926EF /* Debug */,
				654CCE871C1C830D007926EF /* Release */,
			);
			defaultConfigurationIsVisible = 0;
			defaultConfigurationName = Release;
		};
		654CCE881C1C830D007926EF /* Build configuration list for PBXNativeTarget "sleden2" */ = {
			isa = XCConfigurationList;
			buildConfigurations = (
				654CCE891C1C830D007926EF /* Debug */,
				654CCE8A1C1C830D007926EF /* Release */,
			);
			defaultConfigurationIsVisible = 0;
			defaultConfigurationName = Release;
		};
		654CCE8B1C1C830D007926EF /* Build configuration list for PBXNativeTarget "sleden2Tests" */ = {
			isa = XCConfigurationList;
			buildConfigurations = (
				654CCE8C1C1C830D007926EF /* Debug */,
				654CCE8D1C1C830D007926EF /* Release */,
			);
			defaultConfigurationIsVisible = 0;
			defaultConfigurationName = Release;
		};
		654CCE8E1C1C830D007926EF /* Build configuration list for PBXNativeTarget "sleden2UITests" */ = {
			isa = XCConfigurationList;
			buildConfigurations = (
				654CCE8F1C1C830D007926EF /* Debug */,
				654CCE901C1C830D007926EF /* Release */,
			);
			defaultConfigurationIsVisible = 0;
			defaultConfigurationName = Release;
		};
/* End XCConfigurationList section */

/* Begin XCVersionGroup section */
		654CCE671C1C830D007926EF /* sleden2.xcdatamodeld */ = {
			isa = XCVersionGroup;
			children = (
				654CCE681C1C830D007926EF /* sleden2.xcdatamodel */,
			);
			currentVersion = 654CCE681C1C830D007926EF /* sleden2.xcdatamodel */;
			path = sleden2.xcdatamodeld;
			sourceTree = "<group>";
			versionGroupType = wrapper.xcdatamodel;
		};
/* End XCVersionGroup section */
	};
	rootObject = 654CCE551C1C830D007926EF /* Project object */;
}
